<?xml version="1.0" encoding="UTF-8"?>
<CodeBlocks_project_file>
	<FileVersion major="1" minor="6"/>
	<Project>
		<Option title="spotify-plusplus"/>
		<Option makefile_is_custom="1"/>
		<Option compiler="gcc"/>
		<Option virtualFolders="CMake Files\;CMake Files\spotify\;"/>
		<Build>
			<Target title="all">
				<Option working_dir="/home/sean/CLionProjects/spotify-api-plusplus"/>
				<Option type="4"/>
				<MakeCommands>
					<Build command="/usr/bin/make -j8 -f &quot;/home/sean/CLionProjects/spotify-api-plusplus/Makefile&quot;  VERBOSE=1 all"/>
					<CompileFile command="/usr/bin/make -j8 -f &quot;/home/sean/CLionProjects/spotify-api-plusplus/Makefile&quot;  VERBOSE=1 &quot;$file&quot;"/>
					<Clean command="/usr/bin/make -j8 -f &quot;/home/sean/CLionProjects/spotify-api-plusplus/Makefile&quot;  VERBOSE=1 clean"/>
					<DistClean command="/usr/bin/make -j8 -f &quot;/home/sean/CLionProjects/spotify-api-plusplus/Makefile&quot;  VERBOSE=1 clean"/>
				</MakeCommands>
			</Target>
			<Target title="edit_cache">
				<Option working_dir="/home/sean/CLionProjects/spotify-api-plusplus"/>
				<Option type="4"/>
				<MakeCommands>
					<Build command="/usr/bin/make -j8 -f &quot;/home/sean/CLionProjects/spotify-api-plusplus/Makefile&quot;  VERBOSE=1 edit_cache"/>
					<CompileFile command="/usr/bin/make -j8 -f &quot;/home/sean/CLionProjects/spotify-api-plusplus/Makefile&quot;  VERBOSE=1 &quot;$file&quot;"/>
					<Clean command="/usr/bin/make -j8 -f &quot;/home/sean/CLionProjects/spotify-api-plusplus/Makefile&quot;  VERBOSE=1 clean"/>
					<DistClean command="/usr/bin/make -j8 -f &quot;/home/sean/CLionProjects/spotify-api-plusplus/Makefile&quot;  VERBOSE=1 clean"/>
				</MakeCommands>
			</Target>
			<Target title="rebuild_cache">
				<Option working_dir="/home/sean/CLionProjects/spotify-api-plusplus"/>
				<Option type="4"/>
				<MakeCommands>
					<Build command="/usr/bin/make -j8 -f &quot;/home/sean/CLionProjects/spotify-api-plusplus/Makefile&quot;  VERBOSE=1 rebuild_cache"/>
					<CompileFile command="/usr/bin/make -j8 -f &quot;/home/sean/CLionProjects/spotify-api-plusplus/Makefile&quot;  VERBOSE=1 &quot;$file&quot;"/>
					<Clean command="/usr/bin/make -j8 -f &quot;/home/sean/CLionProjects/spotify-api-plusplus/Makefile&quot;  VERBOSE=1 clean"/>
					<DistClean command="/usr/bin/make -j8 -f &quot;/home/sean/CLionProjects/spotify-api-plusplus/Makefile&quot;  VERBOSE=1 clean"/>
				</MakeCommands>
			</Target>
			<Target title="list_install_components">
				<Option working_dir="/home/sean/CLionProjects/spotify-api-plusplus"/>
				<Option type="4"/>
				<MakeCommands>
					<Build command="/usr/bin/make -j8 -f &quot;/home/sean/CLionProjects/spotify-api-plusplus/Makefile&quot;  VERBOSE=1 list_install_components"/>
					<CompileFile command="/usr/bin/make -j8 -f &quot;/home/sean/CLionProjects/spotify-api-plusplus/Makefile&quot;  VERBOSE=1 &quot;$file&quot;"/>
					<Clean command="/usr/bin/make -j8 -f &quot;/home/sean/CLionProjects/spotify-api-plusplus/Makefile&quot;  VERBOSE=1 clean"/>
					<DistClean command="/usr/bin/make -j8 -f &quot;/home/sean/CLionProjects/spotify-api-plusplus/Makefile&quot;  VERBOSE=1 clean"/>
				</MakeCommands>
			</Target>
			<Target title="install">
				<Option working_dir="/home/sean/CLionProjects/spotify-api-plusplus"/>
				<Option type="4"/>
				<MakeCommands>
					<Build command="/usr/bin/make -j8 -f &quot;/home/sean/CLionProjects/spotify-api-plusplus/Makefile&quot;  VERBOSE=1 install"/>
					<CompileFile command="/usr/bin/make -j8 -f &quot;/home/sean/CLionProjects/spotify-api-plusplus/Makefile&quot;  VERBOSE=1 &quot;$file&quot;"/>
					<Clean command="/usr/bin/make -j8 -f &quot;/home/sean/CLionProjects/spotify-api-plusplus/Makefile&quot;  VERBOSE=1 clean"/>
					<DistClean command="/usr/bin/make -j8 -f &quot;/home/sean/CLionProjects/spotify-api-plusplus/Makefile&quot;  VERBOSE=1 clean"/>
				</MakeCommands>
			</Target>
			<Target title="install/local">
				<Option working_dir="/home/sean/CLionProjects/spotify-api-plusplus"/>
				<Option type="4"/>
				<MakeCommands>
					<Build command="/usr/bin/make -j8 -f &quot;/home/sean/CLionProjects/spotify-api-plusplus/Makefile&quot;  VERBOSE=1 install/local"/>
					<CompileFile command="/usr/bin/make -j8 -f &quot;/home/sean/CLionProjects/spotify-api-plusplus/Makefile&quot;  VERBOSE=1 &quot;$file&quot;"/>
					<Clean command="/usr/bin/make -j8 -f &quot;/home/sean/CLionProjects/spotify-api-plusplus/Makefile&quot;  VERBOSE=1 clean"/>
					<DistClean command="/usr/bin/make -j8 -f &quot;/home/sean/CLionProjects/spotify-api-plusplus/Makefile&quot;  VERBOSE=1 clean"/>
				</MakeCommands>
			</Target>
			<Target title="install/strip">
				<Option working_dir="/home/sean/CLionProjects/spotify-api-plusplus"/>
				<Option type="4"/>
				<MakeCommands>
					<Build command="/usr/bin/make -j8 -f &quot;/home/sean/CLionProjects/spotify-api-plusplus/Makefile&quot;  VERBOSE=1 install/strip"/>
					<CompileFile command="/usr/bin/make -j8 -f &quot;/home/sean/CLionProjects/spotify-api-plusplus/Makefile&quot;  VERBOSE=1 &quot;$file&quot;"/>
					<Clean command="/usr/bin/make -j8 -f &quot;/home/sean/CLionProjects/spotify-api-plusplus/Makefile&quot;  VERBOSE=1 clean"/>
					<DistClean command="/usr/bin/make -j8 -f &quot;/home/sean/CLionProjects/spotify-api-plusplus/Makefile&quot;  VERBOSE=1 clean"/>
				</MakeCommands>
			</Target>
			<Target title="spotify-plusplus">
				<Option output="/home/sean/CLionProjects/spotify-api-plusplus/spotify/libspotify-plusplus.so" prefix_auto="0" extension_auto="0"/>
				<Option working_dir="/home/sean/CLionProjects/spotify-api-plusplus/spotify"/>
				<Option object_output="./"/>
				<Option type="3"/>
				<Option compiler="gcc"/>
				<Compiler>
					<Add directory="/usr/local/include"/>
					<Add directory="/home/sean/CLionProjects/spotify-api-plusplus"/>
					<Add directory="/usr/lib/gcc/x86_64-linux-gnu/5/include"/>
					<Add directory="/usr/lib/gcc/x86_64-linux-gnu/5/include-fixed"/>
					<Add directory="/usr/include/x86_64-linux-gnu"/>
					<Add directory="/usr/include"/>
					<Add directory="/usr/include/c++/5"/>
					<Add directory="/usr/include/x86_64-linux-gnu/c++/5"/>
					<Add directory="/usr/include/c++/5/backward"/>
				</Compiler>
				<MakeCommands>
					<Build command="/usr/bin/make -j8 -f &quot;/home/sean/CLionProjects/spotify-api-plusplus/spotify/Makefile&quot;  VERBOSE=1 spotify-plusplus"/>
					<CompileFile command="/usr/bin/make -j8 -f &quot;/home/sean/CLionProjects/spotify-api-plusplus/spotify/Makefile&quot;  VERBOSE=1 &quot;$file&quot;"/>
					<Clean command="/usr/bin/make -j8 -f &quot;/home/sean/CLionProjects/spotify-api-plusplus/spotify/Makefile&quot;  VERBOSE=1 clean"/>
					<DistClean command="/usr/bin/make -j8 -f &quot;/home/sean/CLionProjects/spotify-api-plusplus/spotify/Makefile&quot;  VERBOSE=1 clean"/>
				</MakeCommands>
			</Target>
			<Target title="spotify-plusplus/fast">
				<Option output="/home/sean/CLionProjects/spotify-api-plusplus/spotify/libspotify-plusplus.so" prefix_auto="0" extension_auto="0"/>
				<Option working_dir="/home/sean/CLionProjects/spotify-api-plusplus/spotify"/>
				<Option object_output="./"/>
				<Option type="3"/>
				<Option compiler="gcc"/>
				<Compiler>
					<Add directory="/usr/local/include"/>
					<Add directory="/home/sean/CLionProjects/spotify-api-plusplus"/>
					<Add directory="/usr/lib/gcc/x86_64-linux-gnu/5/include"/>
					<Add directory="/usr/lib/gcc/x86_64-linux-gnu/5/include-fixed"/>
					<Add directory="/usr/include/x86_64-linux-gnu"/>
					<Add directory="/usr/include"/>
					<Add directory="/usr/include/c++/5"/>
					<Add directory="/usr/include/x86_64-linux-gnu/c++/5"/>
					<Add directory="/usr/include/c++/5/backward"/>
				</Compiler>
				<MakeCommands>
					<Build command="/usr/bin/make -j8 -f &quot;/home/sean/CLionProjects/spotify-api-plusplus/spotify/Makefile&quot;  VERBOSE=1 spotify-plusplus/fast"/>
					<CompileFile command="/usr/bin/make -j8 -f &quot;/home/sean/CLionProjects/spotify-api-plusplus/spotify/Makefile&quot;  VERBOSE=1 &quot;$file&quot;"/>
					<Clean command="/usr/bin/make -j8 -f &quot;/home/sean/CLionProjects/spotify-api-plusplus/spotify/Makefile&quot;  VERBOSE=1 clean"/>
					<DistClean command="/usr/bin/make -j8 -f &quot;/home/sean/CLionProjects/spotify-api-plusplus/spotify/Makefile&quot;  VERBOSE=1 clean"/>
				</MakeCommands>
			</Target>
		</Build>
		<Unit filename="/home/sean/CLionProjects/spotify-api-plusplus/spotify/SpotifyAPI.cpp">
			<Option target="spotify-plusplus"/>
		</Unit>
		<Unit filename="/home/sean/CLionProjects/spotify-api-plusplus/spotify/SpotifyAPI.h">
			<Option target="spotify-plusplus"/>
		</Unit>
		<Unit filename="/home/sean/CLionProjects/spotify-api-plusplus/spotify/models/Album.cpp">
			<Option target="spotify-plusplus"/>
		</Unit>
		<Unit filename="/home/sean/CLionProjects/spotify-api-plusplus/spotify/models/Album.h">
			<Option target="spotify-plusplus"/>
		</Unit>
		<Unit filename="/home/sean/CLionProjects/spotify-api-plusplus/spotify/models/AlbumSimple.cpp">
			<Option target="spotify-plusplus"/>
		</Unit>
		<Unit filename="/home/sean/CLionProjects/spotify-api-plusplus/spotify/models/AlbumSimple.h">
			<Option target="spotify-plusplus"/>
		</Unit>
		<Unit filename="/home/sean/CLionProjects/spotify-api-plusplus/spotify/models/Artist.cpp">
			<Option target="spotify-plusplus"/>
		</Unit>
		<Unit filename="/home/sean/CLionProjects/spotify-api-plusplus/spotify/models/Artist.h">
			<Option target="spotify-plusplus"/>
		</Unit>
		<Unit filename="/home/sean/CLionProjects/spotify-api-plusplus/spotify/models/ArtistSimple.cpp">
			<Option target="spotify-plusplus"/>
		</Unit>
		<Unit filename="/home/sean/CLionProjects/spotify-api-plusplus/spotify/models/ArtistSimple.h">
			<Option target="spotify-plusplus"/>
		</Unit>
		<Unit filename="/home/sean/CLionProjects/spotify-api-plusplus/spotify/models/AudioFeatures.cpp">
			<Option target="spotify-plusplus"/>
		</Unit>
		<Unit filename="/home/sean/CLionProjects/spotify-api-plusplus/spotify/models/AudioFeatures.h">
			<Option target="spotify-plusplus"/>
		</Unit>
		<Unit filename="/home/sean/CLionProjects/spotify-api-plusplus/spotify/models/Category.cpp">
			<Option target="spotify-plusplus"/>
		</Unit>
		<Unit filename="/home/sean/CLionProjects/spotify-api-plusplus/spotify/models/Category.h">
			<Option target="spotify-plusplus"/>
		</Unit>
		<Unit filename="/home/sean/CLionProjects/spotify-api-plusplus/spotify/models/Copyright.cpp">
			<Option target="spotify-plusplus"/>
		</Unit>
		<Unit filename="/home/sean/CLionProjects/spotify-api-plusplus/spotify/models/Copyright.h">
			<Option target="spotify-plusplus"/>
		</Unit>
		<Unit filename="/home/sean/CLionProjects/spotify-api-plusplus/spotify/models/Cursor.cpp">
			<Option target="spotify-plusplus"/>
		</Unit>
		<Unit filename="/home/sean/CLionProjects/spotify-api-plusplus/spotify/models/Cursor.h">
			<Option target="spotify-plusplus"/>
		</Unit>
		<Unit filename="/home/sean/CLionProjects/spotify-api-plusplus/spotify/models/CursorPager.h">
			<Option target="spotify-plusplus"/>
		</Unit>
		<Unit filename="/home/sean/CLionProjects/spotify-api-plusplus/spotify/models/Error.cpp">
			<Option target="spotify-plusplus"/>
		</Unit>
		<Unit filename="/home/sean/CLionProjects/spotify-api-plusplus/spotify/models/Error.h">
			<Option target="spotify-plusplus"/>
		</Unit>
		<Unit filename="/home/sean/CLionProjects/spotify-api-plusplus/spotify/models/Followers.cpp">
			<Option target="spotify-plusplus"/>
		</Unit>
		<Unit filename="/home/sean/CLionProjects/spotify-api-plusplus/spotify/models/Followers.h">
			<Option target="spotify-plusplus"/>
		</Unit>
		<Unit filename="/home/sean/CLionProjects/spotify-api-plusplus/spotify/models/Image.cpp">
			<Option target="spotify-plusplus"/>
		</Unit>
		<Unit filename="/home/sean/CLionProjects/spotify-api-plusplus/spotify/models/Image.h">
			<Option target="spotify-plusplus"/>
		</Unit>
		<Unit filename="/home/sean/CLionProjects/spotify-api-plusplus/spotify/models/Pager.h">
			<Option target="spotify-plusplus"/>
		</Unit>
		<Unit filename="/home/sean/CLionProjects/spotify-api-plusplus/spotify/models/Playlist.cpp">
			<Option target="spotify-plusplus"/>
		</Unit>
		<Unit filename="/home/sean/CLionProjects/spotify-api-plusplus/spotify/models/Playlist.h">
			<Option target="spotify-plusplus"/>
		</Unit>
		<Unit filename="/home/sean/CLionProjects/spotify-api-plusplus/spotify/models/PlaylistSimple.cpp">
			<Option target="spotify-plusplus"/>
		</Unit>
		<Unit filename="/home/sean/CLionProjects/spotify-api-plusplus/spotify/models/PlaylistSimple.h">
			<Option target="spotify-plusplus"/>
		</Unit>
		<Unit filename="/home/sean/CLionProjects/spotify-api-plusplus/spotify/models/PlaylistTrack.cpp">
			<Option target="spotify-plusplus"/>
		</Unit>
		<Unit filename="/home/sean/CLionProjects/spotify-api-plusplus/spotify/models/PlaylistTrack.h">
			<Option target="spotify-plusplus"/>
		</Unit>
		<Unit filename="/home/sean/CLionProjects/spotify-api-plusplus/spotify/models/Recommendations.cpp">
			<Option target="spotify-plusplus"/>
		</Unit>
		<Unit filename="/home/sean/CLionProjects/spotify-api-plusplus/spotify/models/Recommendations.h">
			<Option target="spotify-plusplus"/>
		</Unit>
		<Unit filename="/home/sean/CLionProjects/spotify-api-plusplus/spotify/models/RecommendationsSeed.cpp">
			<Option target="spotify-plusplus"/>
		</Unit>
		<Unit filename="/home/sean/CLionProjects/spotify-api-plusplus/spotify/models/RecommendationsSeed.h">
			<Option target="spotify-plusplus"/>
		</Unit>
		<Unit filename="/home/sean/CLionProjects/spotify-api-plusplus/spotify/models/SavedAlbum.cpp">
			<Option target="spotify-plusplus"/>
		</Unit>
		<Unit filename="/home/sean/CLionProjects/spotify-api-plusplus/spotify/models/SavedAlbum.h">
			<Option target="spotify-plusplus"/>
		</Unit>
		<Unit filename="/home/sean/CLionProjects/spotify-api-plusplus/spotify/models/SavedTrack.cpp">
			<Option target="spotify-plusplus"/>
		</Unit>
		<Unit filename="/home/sean/CLionProjects/spotify-api-plusplus/spotify/models/SavedTrack.h">
			<Option target="spotify-plusplus"/>
		</Unit>
		<Unit filename="/home/sean/CLionProjects/spotify-api-plusplus/spotify/models/Track.cpp">
			<Option target="spotify-plusplus"/>
		</Unit>
		<Unit filename="/home/sean/CLionProjects/spotify-api-plusplus/spotify/models/Track.h">
			<Option target="spotify-plusplus"/>
		</Unit>
		<Unit filename="/home/sean/CLionProjects/spotify-api-plusplus/spotify/models/TrackLink.cpp">
			<Option target="spotify-plusplus"/>
		</Unit>
		<Unit filename="/home/sean/CLionProjects/spotify-api-plusplus/spotify/models/TrackLink.h">
			<Option target="spotify-plusplus"/>
		</Unit>
		<Unit filename="/home/sean/CLionProjects/spotify-api-plusplus/spotify/models/TrackSimple.cpp">
			<Option target="spotify-plusplus"/>
		</Unit>
		<Unit filename="/home/sean/CLionProjects/spotify-api-plusplus/spotify/models/TrackSimple.h">
			<Option target="spotify-plusplus"/>
		</Unit>
		<Unit filename="/home/sean/CLionProjects/spotify-api-plusplus/spotify/models/User.cpp">
			<Option target="spotify-plusplus"/>
		</Unit>
		<Unit filename="/home/sean/CLionProjects/spotify-api-plusplus/spotify/models/User.h">
			<Option target="spotify-plusplus"/>
		</Unit>
		<Unit filename="/home/sean/CLionProjects/spotify-api-plusplus/spotify/models/UserPublic.cpp">
			<Option target="spotify-plusplus"/>
		</Unit>
		<Unit filename="/home/sean/CLionProjects/spotify-api-plusplus/spotify/models/UserPublic.h">
			<Option target="spotify-plusplus"/>
		</Unit>
		<Unit filename="/home/sean/CLionProjects/spotify-api-plusplus/spotify/utils/CurlUtils.h">
			<Option target="spotify-plusplus"/>
		</Unit>
		<Unit filename="/home/sean/CLionProjects/spotify-api-plusplus/spotify/utils/json.h">
			<Option target="spotify-plusplus"/>
		</Unit>
		<Unit filename="/home/sean/CLionProjects/spotify-api-plusplus/CMakeLists.txt">
			<Option virtualFolder="CMake Files\"/>
		</Unit>
		<Unit filename="/home/sean/CLionProjects/spotify-api-plusplus/spotify/CMakeLists.txt">
			<Option virtualFolder="CMake Files\spotify\"/>
		</Unit>
	</Project>
</CodeBlocks_project_file>
